
Microsoft Visual Studio Solution File, Format Version 12.00
# Visual Studio Version 17
VisualStudioVersion = 17.4.33205.214
MinimumVisualStudioVersion = 10.0.40219.1
Project("{8BC9CEB8-8B4A-11D0-8D11-00A0C91BC942}") = "assesment2", "assesment2\assesment2.vcxproj", "{A042433B-9A60-4716-ABC0-8CA7B1DC2AEF}"
EndProject
Global
	GlobalSection(SolutionConfigurationPlatforms) = preSolution
		Debug|x64 = Debug|x64
		Debug|x86 = Debug|x86
		Release|x64 = Release|x64
		Release|x86 = Release|x86
	EndGlobalSection
	GlobalSection(ProjectConfigurationPlatforms) = postSolution
		{A042433B-9A60-4716-ABC0-8CA7B1DC2AEF}.Debug|x64.ActiveCfg = Debug|x64
		{A042433B-9A60-4716-ABC0-8CA7B1DC2AEF}.Debug|x64.Build.0 = Debug|x64
		{A042433B-9A60-4716-ABC0-8CA7B1DC2AEF}.Debug|x86.ActiveCfg = Debug|Win32
		{A042433B-9A60-4716-ABC0-8CA7B1DC2AEF}.Debug|x86.Build.0 = Debug|Win32
		{A042433B-9A60-4716-ABC0-8CA7B1DC2AEF}.Release|x64.ActiveCfg = Release|x64
		{A042433B-9A60-4716-ABC0-8CA7B1DC2AEF}.Release|x64.Build.0 = Release|x64
		{A042433B-9A60-4716-ABC0-8CA7B1DC2AEF}.Release|x86.ActiveCfg = Release|Win32
		{A042433B-9A60-4716-ABC0-8CA7B1DC2AEF}.Release|x86.Build.0 = Release|Win32
	EndGlobalSection
	GlobalSection(SolutionProperties) = preSolution
		HideSolutionNode = FALSE
	EndGlobalSection
	GlobalSection(ExtensibilityGlobals) = postSolution
		SolutionGuid = {B58BBA19-8F92-4758-A7EA-23C0677D31B7}
	EndGlobalSection
EndGlobal
